
Microsoft Visual Studio Solution File, Format Version 12.00
# Visual Studio Version 17
VisualStudioVersion = 17.4.33122.133
MinimumVisualStudioVersion = 10.0.40219.1
Project("{9A19103F-16F7-4668-BE54-9A1E7A4F7556}") = "code-launcher", "code-launcher.csproj", "{41396147-CFED-40F6-B085-0D4022E3AC41}"
EndProject
Global
	GlobalSection(SolutionConfigurationPlatforms) = preSolution
		Debug|Any CPU = Debug|Any CPU
		Release|Any CPU = Release|Any CPU
	EndGlobalSection
	GlobalSection(ProjectConfigurationPlatforms) = postSolution
		{41396147-CFED-40F6-B085-0D4022E3AC41}.Debug|Any CPU.ActiveCfg = Debug|Any CPU
		{41396147-CFED-40F6-B085-0D4022E3AC41}.Debug|Any CPU.Build.0 = Debug|Any CPU
		{41396147-CFED-40F6-B085-0D4022E3AC41}.Release|Any CPU.ActiveCfg = Release|Any CPU
		{41396147-CFED-40F6-B085-0D4022E3AC41}.Release|Any CPU.Build.0 = Release|Any CPU
	EndGlobalSection
	GlobalSection(SolutionProperties) = preSolution
		HideSolutionNode = FALSE
	EndGlobalSection
	GlobalSection(ExtensibilityGlobals) = postSolution
		SolutionGuid = {FD9C3580-1A71-4CFB-90A1-7A769259876F}
	EndGlobalSection
EndGlobal
